
Microsoft Visual Studio Solution File, Format Version 12.00
#
Project("{FAE04EC0-301F-11D3-BF4B-00C04F79EFBC}") = "ConsoleApp2", "ConsoleApp2\ConsoleApp2.csproj", "{E33B098D-D1A0-4AEA-A9BE-415D2B36279A}"
EndProject
Project("{FAE04EC0-301F-11D3-BF4B-00C04F79EFBC}") = "ConsoleApp2.Tests", "ConsoleApp2.Tests\ConsoleApp2.Tests.csproj", "{036B3AD7-6B42-4200-AD92-3C15D49F4293}"
EndProject
Global
	GlobalSection(SolutionConfigurationPlatforms) = preSolution
		Debug|Any CPU = Debug|Any CPU
		Release|Any CPU = Release|Any CPU
	EndGlobalSection
	GlobalSection(ProjectConfigurationPlatforms) = postSolution
		{E33B098D-D1A0-4AEA-A9BE-415D2B36279A}.Debug|Any CPU.ActiveCfg = Debug|Any CPU
		{E33B098D-D1A0-4AEA-A9BE-415D2B36279A}.Debug|Any CPU.Build.0 = Debug|Any CPU
		{E33B098D-D1A0-4AEA-A9BE-415D2B36279A}.Release|Any CPU.ActiveCfg = Release|Any CPU
		{E33B098D-D1A0-4AEA-A9BE-415D2B36279A}.Release|Any CPU.Build.0 = Release|Any CPU
		{036B3AD7-6B42-4200-AD92-3C15D49F4293}.Debug|Any CPU.ActiveCfg = Debug|Any CPU
		{036B3AD7-6B42-4200-AD92-3C15D49F4293}.Debug|Any CPU.Build.0 = Debug|Any CPU
		{036B3AD7-6B42-4200-AD92-3C15D49F4293}.Release|Any CPU.ActiveCfg = Release|Any CPU
		{036B3AD7-6B42-4200-AD92-3C15D49F4293}.Release|Any CPU.Build.0 = Release|Any CPU
	EndGlobalSection
EndGlobal
